
Microsoft Visual Studio Solution File, Format Version 12.00
# Visual Studio 15
VisualStudioVersion = 15.0.26206.0
MinimumVisualStudioVersion = 10.0.40219.1
Project("{FAE04EC0-301F-11D3-BF4B-00C04F79EFBC}") = "Encryption", "WpfApp1\Encryption.csproj", "{53E6B7C0-A754-4794-8D0C-32031BD5BA1A}"
EndProject
Global
	GlobalSection(SolutionConfigurationPlatforms) = preSolution
		Debug|Any CPU = Debug|Any CPU
		Release|Any CPU = Release|Any CPU
	EndGlobalSection
	GlobalSection(ProjectConfigurationPlatforms) = postSolution
		{53E6B7C0-A754-4794-8D0C-32031BD5BA1A}.Debug|Any CPU.ActiveCfg = Debug|Any CPU
		{53E6B7C0-A754-4794-8D0C-32031BD5BA1A}.Debug|Any CPU.Build.0 = Debug|Any CPU
		{53E6B7C0-A754-4794-8D0C-32031BD5BA1A}.Release|Any CPU.ActiveCfg = Release|Any CPU
		{53E6B7C0-A754-4794-8D0C-32031BD5BA1A}.Release|Any CPU.Build.0 = Release|Any CPU
	EndGlobalSection
	GlobalSection(SolutionProperties) = preSolution
		HideSolutionNode = FALSE
	EndGlobalSection
	GlobalSection(ExtensibilityGlobals) = postSolution
		SolutionGuid = {8A70159F-3B34-4CF7-AB52-04919C045F46}
	EndGlobalSection
EndGlobal
