
Microsoft Visual Studio Solution File, Format Version 12.00
# Visual Studio Version 16
VisualStudioVersion = 16.0.30804.86
MinimumVisualStudioVersion = 10.0.40219.1
Project("{FAE04EC0-301F-11D3-BF4B-00C04F79EFBC}") = "WinFormsHosting", "WinFormsHosting.csproj", "{A40B598D-D4C4-49D8-8850-24876A7A3051}"
EndProject
Global
	GlobalSection(SolutionConfigurationPlatforms) = preSolution
		Debug|Any CPU = Debug|Any CPU
		Release|Any CPU = Release|Any CPU
	EndGlobalSection
	GlobalSection(ProjectConfigurationPlatforms) = postSolution
		{A40B598D-D4C4-49D8-8850-24876A7A3051}.Debug|Any CPU.ActiveCfg = Debug|Any CPU
		{A40B598D-D4C4-49D8-8850-24876A7A3051}.Debug|Any CPU.Build.0 = Debug|Any CPU
		{A40B598D-D4C4-49D8-8850-24876A7A3051}.Release|Any CPU.ActiveCfg = Release|Any CPU
		{A40B598D-D4C4-49D8-8850-24876A7A3051}.Release|Any CPU.Build.0 = Release|Any CPU
	EndGlobalSection
	GlobalSection(SolutionProperties) = preSolution
		HideSolutionNode = FALSE
	EndGlobalSection
	GlobalSection(ExtensibilityGlobals) = postSolution
		SolutionGuid = {58A942D9-C84D-4898-B4A6-693B36F93A6D}
	EndGlobalSection
EndGlobal
