
Microsoft Visual Studio Solution File, Format Version 12.00
# Visual Studio Version 16
VisualStudioVersion = 16.0.30804.86
MinimumVisualStudioVersion = 10.0.40219.1
Project("{FAE04EC0-301F-11D3-BF4B-00C04F79EFBC}") = "SVGIconsInXAML", "SVGIconsInXAML.csproj", "{3AA2BFBF-C3BA-4663-AE47-9295A36D364C}"
EndProject
Global
	GlobalSection(SolutionConfigurationPlatforms) = preSolution
		Debug|Any CPU = Debug|Any CPU
		Release|Any CPU = Release|Any CPU
	EndGlobalSection
	GlobalSection(ProjectConfigurationPlatforms) = postSolution
		{3AA2BFBF-C3BA-4663-AE47-9295A36D364C}.Debug|Any CPU.ActiveCfg = Debug|Any CPU
		{3AA2BFBF-C3BA-4663-AE47-9295A36D364C}.Debug|Any CPU.Build.0 = Debug|Any CPU
		{3AA2BFBF-C3BA-4663-AE47-9295A36D364C}.Release|Any CPU.ActiveCfg = Release|Any CPU
		{3AA2BFBF-C3BA-4663-AE47-9295A36D364C}.Release|Any CPU.Build.0 = Release|Any CPU
	EndGlobalSection
	GlobalSection(SolutionProperties) = preSolution
		HideSolutionNode = FALSE
	EndGlobalSection
	GlobalSection(ExtensibilityGlobals) = postSolution
		SolutionGuid = {53854A1C-3BF4-41C7-AA3D-F2C2B752E7F8}
	EndGlobalSection
EndGlobal
